
Microsoft Visual Studio Solution File, Format Version 12.00
# Visual Studio Version 16
VisualStudioVersion = 16.0.33423.256
MinimumVisualStudioVersion = 10.0.40219.1
Project("{FAE04EC0-301F-11D3-BF4B-00C04F79EFBC}") = "Acceptance_Tests", "Acceptance_Tests.csproj", "{88D46B16-BE27-4416-8AE2-F371C00548DD}"
EndProject
Project("{FAE04EC0-301F-11D3-BF4B-00C04F79EFBC}") = "Acceptance_Tests.Tests", "..\Acceptance_Tests.Tests\Acceptance_Tests.Tests.csproj", "{0BB3AF5E-C588-48C0-BE8D-5C8041E82B1C}"
EndProject
Global
	GlobalSection(SolutionConfigurationPlatforms) = preSolution
		Debug|Any CPU = Debug|Any CPU
		Release|Any CPU = Release|Any CPU
	EndGlobalSection
	GlobalSection(ProjectConfigurationPlatforms) = postSolution
		{88D46B16-BE27-4416-8AE2-F371C00548DD}.Debug|Any CPU.ActiveCfg = Debug|Any CPU
		{88D46B16-BE27-4416-8AE2-F371C00548DD}.Debug|Any CPU.Build.0 = Debug|Any CPU
		{88D46B16-BE27-4416-8AE2-F371C00548DD}.Release|Any CPU.ActiveCfg = Release|Any CPU
		{88D46B16-BE27-4416-8AE2-F371C00548DD}.Release|Any CPU.Build.0 = Release|Any CPU
		{0BB3AF5E-C588-48C0-BE8D-5C8041E82B1C}.Debug|Any CPU.ActiveCfg = Debug|Any CPU
		{0BB3AF5E-C588-48C0-BE8D-5C8041E82B1C}.Debug|Any CPU.Build.0 = Debug|Any CPU
		{0BB3AF5E-C588-48C0-BE8D-5C8041E82B1C}.Release|Any CPU.ActiveCfg = Release|Any CPU
		{0BB3AF5E-C588-48C0-BE8D-5C8041E82B1C}.Release|Any CPU.Build.0 = Release|Any CPU
	EndGlobalSection
	GlobalSection(SolutionProperties) = preSolution
		HideSolutionNode = FALSE
	EndGlobalSection
	GlobalSection(ExtensibilityGlobals) = postSolution
		SolutionGuid = {DB6236BB-B922-4483-8EFC-1BB05758016F}
	EndGlobalSection
EndGlobal
